{
    "_meta": {
        "hash": {
            "sha256": "57bf808702618fbbaa749b55162ec4dc84a585313d41800ff7fd7c3b25c05ac5"
        },
        "pipfile-spec": 6,
        "requires": {
            "python_version": "3.10"
        },
        "sources": [
            {
                "name": "pypi",
                "url": "https://pypi.org/simple",
                "verify_ssl": true
            }
        ]
    },
    "default": {
        "asgiref": {
            "hashes": [
                "sha256:1d2880b792ae8757289136f1db2b7b99100ce959b2aa57fd69dab783d05afac4",
                "sha256:4a29362a6acebe09bf1d6640db38c1dc3d9217c68e6f9f6204d72667fc19a424"
            ],
            "index": "pypi",
            "version": "==3.5.2"
        },
        "certifi": {
            "hashes": [
                "sha256:9c5705e395cd70084351dd8ad5c41e65655e08ce46f2ec9cf6c2c08390f71eb7",
                "sha256:f1d53542ee8cbedbe2118b5686372fb33c297fcd6379b050cca0ef13a597382a"
            ],
            "index": "pypi",
            "version": "==2022.5.18.1"
        },
        "charset-normalizer": {
            "hashes": [
                "sha256:2857e29ff0d34db842cd7ca3230549d1a697f96ee6d3fb071cfa6c7393832597",
                "sha256:6881edbebdb17b39b4eaaa821b438bf6eddffb4468cf344f09f89def34a8b1df"
            ],
            "index": "pypi",
            "version": "==2.0.12"
        },
        "coreapi": {
            "hashes": [
                "sha256:46145fcc1f7017c076a2ef684969b641d18a2991051fddec9458ad3f78ffc1cb",
                "sha256:bf39d118d6d3e171f10df9ede5666f63ad80bba9a29a8ec17726a66cf52ee6f3"
            ],
            "index": "pypi",
            "version": "==2.3.3"
        },
        "coreschema": {
            "hashes": [
                "sha256:5e6ef7bf38c1525d5e55a895934ab4273548629f16aed5c0a6caa74ebf45551f",
                "sha256:9503506007d482ab0867ba14724b93c18a33b22b6d19fb419ef2d239dd4a1607"
            ],
            "index": "pypi",
            "version": "==0.0.4"
        },
        "dj-database-url": {
            "hashes": [
                "sha256:4aeaeb1f573c74835b0686a2b46b85990571159ffc21aa57ecd4d1e1cb334163",
                "sha256:851785365761ebe4994a921b433062309eb882fedd318e1b0fcecc607ed02da9"
            ],
            "index": "pypi",
            "version": "==0.5.0"
        },
        "django": {
            "hashes": [
                "sha256:51284300f1522ffcdb07ccbdf676a307c6678659e1284f0618e5a774127a6a08",
                "sha256:e22c9266da3eec7827737cde57694d7db801fedac938d252bf27377cec06ed1b"
            ],
            "index": "pypi",
            "version": "==3.2.9"
        },
        "django-cors-headers": {
            "hashes": [
                "sha256:5fbd58a6fb4119d975754b2bc090f35ec160a8373f276612c675b00e8a138739",
                "sha256:684180013cc7277bdd8702b80a3c5a4b3fcae4abb2bf134dceb9f5dfe300228e"
            ],
            "index": "pypi",
            "version": "==3.14.0"
        },
        "django-environ": {
            "hashes": [
                "sha256:42593bee519a527602a467c7b682aee1a051c2597f98c45f4f4f44169ecdb6e5",
                "sha256:6f0bc902b43891656b20486938cba0861dc62892784a44919170719572a534cb"
            ],
            "index": "pypi",
            "version": "==0.8.1"
        },
        "django-heroku": {
            "hashes": [
                "sha256:2bc690aab89eedbe01311752320a9a12e7548e3b0ed102681acc5736a41a4762",
                "sha256:6af4bc3ae4a9b55eaad6dbe5164918982d2762661aebc9f83d9fa49f6009514e"
            ],
            "index": "pypi",
            "version": "==0.3.1"
        },
        "djangorestframework": {
            "hashes": [
                "sha256:0c33407ce23acc68eca2a6e46424b008c9c02eceb8cf18581921d0092bc1f2ee",
                "sha256:24c4bf58ed7e85d1fe4ba250ab2da926d263cd57d64b03e8dcef0ac683f8b1aa"
            ],
            "index": "pypi",
            "version": "==3.13.1"
        },
        "drf-yasg": {
            "hashes": [
                "sha256:8b72e5b1875931a8d11af407be3a9a5ba8776541492947a0df5bafda6b7f8267",
                "sha256:d50f197c7f02545d0b736df88c6d5cf874f8fea2507ad85ad7de6ae5bf2d9e5a"
            ],
            "index": "pypi",
            "version": "==1.20.0"
        },
        "gunicorn": {
            "hashes": [
                "sha256:9dcc4547dbb1cb284accfb15ab5667a0e5d1881cc443e0677b4882a4067a807e",
                "sha256:e0a968b5ba15f8a328fdfd7ab1fcb5af4470c28aaf7e55df02a99bc13138e6e8"
            ],
            "index": "pypi",
            "version": "==20.1.0"
        },
        "idna": {
            "hashes": [
                "sha256:84d9dd047ffa80596e0f246e2eab0b391788b0503584e8945f2368256d2735ff",
                "sha256:9d643ff0a55b762d5cdb124b8eaa99c66322e2157b69160bc32796e824360e6d"
            ],
            "index": "pypi",
            "version": "==3.3"
        },
        "inflection": {
            "hashes": [
                "sha256:1a29730d366e996aaacffb2f1f1cb9593dc38e2ddd30c91250c6dde09ea9b417",
                "sha256:f38b2b640938a4f35ade69ac3d053042959b62a0f1076a5bbaa1b9526605a8a2"
            ],
            "index": "pypi",
            "version": "==0.5.1"
        },
        "itypes": {
            "hashes": [
                "sha256:03da6872ca89d29aef62773672b2d408f490f80db48b23079a4b194c86dd04c6",
                "sha256:af886f129dea4a2a1e3d36595a2d139589e4dd287f5cab0b40e799ee81570ff1"
            ],
            "index": "pypi",
            "version": "==1.2.0"
        },
        "jinja2": {
            "hashes": [
                "sha256:31351a702a408a9e7595a8fc6150fc3f43bb6bf7e319770cbc0db9df9437e852",
                "sha256:6088930bfe239f0e6710546ab9c19c9ef35e29792895fed6e6e31a023a182a61"
            ],
            "index": "pypi",
            "version": "==3.1.2"
        },
        "markupsafe": {
            "hashes": [
                "sha256:0212a68688482dc52b2d45013df70d169f542b7394fc744c02a57374a4207003",
                "sha256:089cf3dbf0cd6c100f02945abeb18484bd1ee57a079aefd52cffd17fba910b88",
                "sha256:10c1bfff05d95783da83491be968e8fe789263689c02724e0c691933c52994f5",
                "sha256:33b74d289bd2f5e527beadcaa3f401e0df0a89927c1559c8566c066fa4248ab7",
                "sha256:3799351e2336dc91ea70b034983ee71cf2f9533cdff7c14c90ea126bfd95d65a",
                "sha256:3ce11ee3f23f79dbd06fb3d63e2f6af7b12db1d46932fe7bd8afa259a5996603",
                "sha256:421be9fbf0ffe9ffd7a378aafebbf6f4602d564d34be190fc19a193232fd12b1",
                "sha256:43093fb83d8343aac0b1baa75516da6092f58f41200907ef92448ecab8825135",
                "sha256:46d00d6cfecdde84d40e572d63735ef81423ad31184100411e6e3388d405e247",
                "sha256:4a33dea2b688b3190ee12bd7cfa29d39c9ed176bda40bfa11099a3ce5d3a7ac6",
                "sha256:4b9fe39a2ccc108a4accc2676e77da025ce383c108593d65cc909add5c3bd601",
                "sha256:56442863ed2b06d19c37f94d999035e15ee982988920e12a5b4ba29b62ad1f77",
                "sha256:671cd1187ed5e62818414afe79ed29da836dde67166a9fac6d435873c44fdd02",
                "sha256:694deca8d702d5db21ec83983ce0bb4b26a578e71fbdbd4fdcd387daa90e4d5e",
                "sha256:6a074d34ee7a5ce3effbc526b7083ec9731bb3cbf921bbe1d3005d4d2bdb3a63",
                "sha256:6d0072fea50feec76a4c418096652f2c3238eaa014b2f94aeb1d56a66b41403f",
                "sha256:6fbf47b5d3728c6aea2abb0589b5d30459e369baa772e0f37a0320185e87c980",
                "sha256:7f91197cc9e48f989d12e4e6fbc46495c446636dfc81b9ccf50bb0ec74b91d4b",
                "sha256:86b1f75c4e7c2ac2ccdaec2b9022845dbb81880ca318bb7a0a01fbf7813e3812",
                "sha256:8dc1c72a69aa7e082593c4a203dcf94ddb74bb5c8a731e4e1eb68d031e8498ff",
                "sha256:8e3dcf21f367459434c18e71b2a9532d96547aef8a871872a5bd69a715c15f96",
                "sha256:8e576a51ad59e4bfaac456023a78f6b5e6e7651dcd383bcc3e18d06f9b55d6d1",
                "sha256:96e37a3dc86e80bf81758c152fe66dbf60ed5eca3d26305edf01892257049925",
                "sha256:97a68e6ada378df82bc9f16b800ab77cbf4b2fada0081794318520138c088e4a",
                "sha256:99a2a507ed3ac881b975a2976d59f38c19386d128e7a9a18b7df6fff1fd4c1d6",
                "sha256:a49907dd8420c5685cfa064a1335b6754b74541bbb3706c259c02ed65b644b3e",
                "sha256:b09bf97215625a311f669476f44b8b318b075847b49316d3e28c08e41a7a573f",
                "sha256:b7bd98b796e2b6553da7225aeb61f447f80a1ca64f41d83612e6139ca5213aa4",
                "sha256:b87db4360013327109564f0e591bd2a3b318547bcef31b468a92ee504d07ae4f",
                "sha256:bcb3ed405ed3222f9904899563d6fc492ff75cce56cba05e32eff40e6acbeaa3",
                "sha256:d4306c36ca495956b6d568d276ac11fdd9c30a36f1b6eb928070dc5360b22e1c",
                "sha256:d5ee4f386140395a2c818d149221149c54849dfcfcb9f1debfe07a8b8bd63f9a",
                "sha256:dda30ba7e87fbbb7eab1ec9f58678558fd9a6b8b853530e176eabd064da81417",
                "sha256:e04e26803c9c3851c931eac40c695602c6295b8d432cbe78609649ad9bd2da8a",
                "sha256:e1c0b87e09fa55a220f058d1d49d3fb8df88fbfab58558f1198e08c1e1de842a",
                "sha256:e72591e9ecd94d7feb70c1cbd7be7b3ebea3f548870aa91e2732960fa4d57a37",
                "sha256:e8c843bbcda3a2f1e3c2ab25913c80a3c5376cd00c6e8c4a86a89a28c8dc5452",
                "sha256:efc1913fd2ca4f334418481c7e595c00aad186563bbc1ec76067848c7ca0a933",
                "sha256:f121a1420d4e173a5d96e47e9a0c0dcff965afdf1626d28de1460815f7c4ee7a",
                "sha256:fc7b548b17d238737688817ab67deebb30e8073c95749d55538ed473130ec0c7"
            ],
            "index": "pypi",
            "version": "==2.1.1"
        },
        "packaging": {
            "hashes": [
                "sha256:714ac14496c3e68c99c29b00845f7a2b85f3bb6f1078fd9f72fd20f0570002b2",
                "sha256:b6ad297f8907de0fa2fe1ccbd26fdaf387f5f47c7275fedf8cce89f99446cf97"
            ],
            "markers": "python_version >= '3.7'",
            "version": "==23.0"
        },
        "psycopg2": {
            "hashes": [
                "sha256:06f32425949bd5fe8f625c49f17ebb9784e1e4fe928b7cce72edc36fb68e4c0c",
                "sha256:0762c27d018edbcb2d34d51596e4346c983bd27c330218c56c4dc25ef7e819bf",
                "sha256:083707a696e5e1c330af2508d8fab36f9700b26621ccbcb538abe22e15485362",
                "sha256:34b33e0162cfcaad151f249c2649fd1030010c16f4bbc40a604c1cb77173dcf7",
                "sha256:4295093a6ae3434d33ec6baab4ca5512a5082cc43c0505293087b8a46d108461",
                "sha256:8cf3878353cc04b053822896bc4922b194792df9df2f1ad8da01fb3043602126",
                "sha256:8e841d1bf3434da985cc5ef13e6f75c8981ced601fd70cc6bf33351b91562981",
                "sha256:9572e08b50aed176ef6d66f15a21d823bb6f6d23152d35e8451d7d2d18fdac56",
                "sha256:a81e3866f99382dfe8c15a151f1ca5fde5815fde879348fe5a9884a7c092a305",
                "sha256:cb10d44e6694d763fa1078a26f7f6137d69f555a78ec85dc2ef716c37447e4b2",
                "sha256:d3ca6421b942f60c008f81a3541e8faf6865a28d5a9b48544b0ee4f40cac7fca"
            ],
            "index": "pypi",
            "version": "==2.9.3"
        },
        "psycopg2-binary": {
            "hashes": [
                "sha256:00475004e5ed3e3bf5e056d66e5dcdf41a0dc62efcd57997acd9135c40a08a50",
                "sha256:01ad49d68dd8c5362e4bfb4158f2896dc6e0c02e87b8a3770fc003459f1a4425",
                "sha256:024030b13bdcbd53d8a93891a2cf07719715724fc9fee40243f3bd78b4264b8f",
                "sha256:02551647542f2bf89073d129c73c05a25c372fc0a49aa50e0de65c3c143d8bd0",
                "sha256:043a9fd45a03858ff72364b4b75090679bd875ee44df9c0613dc862ca6b98460",
                "sha256:05b3d479425e047c848b9782cd7aac9c6727ce23181eb9647baf64ffdfc3da41",
                "sha256:0775d6252ccb22b15da3b5d7adbbf8cfe284916b14b6dc0ff503a23edb01ee85",
                "sha256:1764546ffeaed4f9428707be61d68972eb5ede81239b46a45843e0071104d0dd",
                "sha256:1e491e6489a6cb1d079df8eaa15957c277fdedb102b6a68cfbf40c4994412fd0",
                "sha256:212757ffcecb3e1a5338d4e6761bf9c04f750e7d027117e74aa3cd8a75bb6fbd",
                "sha256:215d6bf7e66732a514f47614f828d8c0aaac9a648c46a831955cb103473c7147",
                "sha256:25382c7d174c679ce6927c16b6fbb68b10e56ee44b1acb40671e02d29f2fce7c",
                "sha256:2abccab84d057723d2ca8f99ff7b619285d40da6814d50366f61f0fc385c3903",
                "sha256:2d964eb24c8b021623df1c93c626671420c6efadbdb8655cb2bd5e0c6fa422ba",
                "sha256:2ec46ed947801652c9643e0b1dc334cfb2781232e375ba97312c2fc256597632",
                "sha256:2ef892cabdccefe577088a79580301f09f2a713eb239f4f9f62b2b29cafb0577",
                "sha256:33e632d0885b95a8b97165899006c40e9ecdc634a529dca7b991eb7de4ece41c",
                "sha256:3520d7af1ebc838cc6084a3281145d5cd5bdd43fdef139e6db5af01b92596cb7",
                "sha256:3d790f84201c3698d1bfb404c917f36e40531577a6dda02e45ba29b64d539867",
                "sha256:3fc33295cfccad697a97a76dec3f1e94ad848b7b163c3228c1636977966b51e2",
                "sha256:422e3d43b47ac20141bc84b3d342eead8d8099a62881a501e97d15f6addabfe9",
                "sha256:426c2ae999135d64e6a18849a7d1ad0e1bd007277e4a8f4752eaa40a96b550ff",
                "sha256:46512486be6fbceef51d7660dec017394ba3e170299d1dc30928cbedebbf103a",
                "sha256:46850a640df62ae940e34a163f72e26aca1f88e2da79148e1862faaac985c302",
                "sha256:484405b883630f3e74ed32041a87456c5e0e63a8e3429aa93e8714c366d62bd1",
                "sha256:4e7904d1920c0c89105c0517dc7e3f5c20fb4e56ba9cdef13048db76947f1d79",
                "sha256:56b2957a145f816726b109ee3d4e6822c23f919a7d91af5a94593723ed667835",
                "sha256:5c6527c8efa5226a9e787507652dd5ba97b62d29b53c371a85cd13f957fe4d42",
                "sha256:5cbc554ba47ecca8cd3396ddaca85e1ecfe3e48dd57dc5e415e59551affe568e",
                "sha256:5d28ecdf191db558d0c07d0f16524ee9d67896edf2b7990eea800abeb23ebd61",
                "sha256:5fc447058d083b8c6ac076fc26b446d44f0145308465d745fba93a28c14c9e32",
                "sha256:63e318dbe52709ed10d516a356f22a635e07a2e34c68145484ed96a19b0c4c68",
                "sha256:68d81a2fe184030aa0c5c11e518292e15d342a667184d91e30644c9d533e53e1",
                "sha256:6e63814ec71db9bdb42905c925639f319c80e7909fb76c3b84edc79dadef8d60",
                "sha256:6f8a9bcab7b6db2e3dbf65b214dfc795b4c6b3bb3af922901b6a67f7cb47d5f8",
                "sha256:70831e03bd53702c941da1a1ad36c17d825a24fbb26857b40913d58df82ec18b",
                "sha256:74eddec4537ab1f701a1647214734bc52cee2794df748f6ae5908e00771f180a",
                "sha256:7b3751857da3e224f5629400736a7b11e940b5da5f95fa631d86219a1beaafec",
                "sha256:7cf1d44e710ca3a9ce952bda2855830fe9f9017ed6259e01fcd71ea6287565f5",
                "sha256:7d07f552d1e412f4b4e64ce386d4c777a41da3b33f7098b6219012ba534fb2c2",
                "sha256:7d88db096fa19d94f433420eaaf9f3c45382da2dd014b93e4bf3215639047c16",
                "sha256:7ee3095d02d6f38bd7d9a5358fcc9ea78fcdb7176921528dd709cc63f40184f5",
                "sha256:902844f9c4fb19b17dfa84d9e2ca053d4a4ba265723d62ea5c9c26b38e0aa1e6",
                "sha256:937880290775033a743f4836aa253087b85e62784b63fd099ee725d567a48aa1",
                "sha256:95076399ec3b27a8f7fa1cc9a83417b1c920d55cf7a97f718a94efbb96c7f503",
                "sha256:9c38d3869238e9d3409239bc05bc27d6b7c99c2a460ea337d2814b35fb4fea1b",
                "sha256:9e32cedc389bcb76d9f24ea8a012b3cb8385ee362ea437e1d012ffaed106c17d",
                "sha256:9ffdc51001136b699f9563b1c74cc1f8c07f66ef7219beb6417a4c8aaa896c28",
                "sha256:a0adef094c49f242122bb145c3c8af442070dc0e4312db17e49058c1702606d4",
                "sha256:a36a0e791805aa136e9cbd0ffa040d09adec8610453ee8a753f23481a0057af5",
                "sha256:a7e518a0911c50f60313cb9e74a169a65b5d293770db4770ebf004245f24b5c5",
                "sha256:af0516e1711995cb08dc19bbd05bec7dbdebf4185f68870595156718d237df3e",
                "sha256:b8104f709590fff72af801e916817560dbe1698028cd0afe5a52d75ceb1fce5f",
                "sha256:b911dfb727e247340d36ae20c4b9259e4a64013ab9888ccb3cbba69b77fd9636",
                "sha256:b9a794cef1d9c1772b94a72eec6da144c18e18041d294a9ab47669bc77a80c1d",
                "sha256:b9c33d4aef08dfecbd1736ceab8b7b3c4358bf10a0121483e5cd60d3d308cc64",
                "sha256:b9d38a4656e4e715d637abdf7296e98d6267df0cc0a8e9a016f8ba07e4aa3eeb",
                "sha256:bcda1c84a1c533c528356da5490d464a139b6e84eb77cc0b432e38c5c6dd7882",
                "sha256:bef7e3f9dc6f0c13afdd671008534be5744e0e682fb851584c8c3a025ec09720",
                "sha256:c15ba5982c177bc4b23a7940c7e4394197e2d6a424a2d282e7c236b66da6d896",
                "sha256:c5254cbd4f4855e11cebf678c1a848a3042d455a22a4ce61349c36aafd4c2267",
                "sha256:c5682a45df7d9642eff590abc73157c887a68f016df0a8ad722dcc0f888f56d7",
                "sha256:c5e65c6ac0ae4bf5bef1667029f81010b6017795dcb817ba5c7b8a8d61fab76f",
                "sha256:d4c7b3a31502184e856df1f7bbb2c3735a05a8ce0ade34c5277e1577738a5c91",
                "sha256:d892bfa1d023c3781a3cab8dd5af76b626c483484d782e8bd047c180db590e4c",
                "sha256:dbc332beaf8492b5731229a881807cd7b91b50dbbbaf7fe2faf46942eda64a24",
                "sha256:dc85b3777068ed30aff8242be2813038a929f2084f69e43ef869daddae50f6ee",
                "sha256:e59137cdb970249ae60be2a49774c6dfb015bd0403f05af1fe61862e9626642d",
                "sha256:e67b3c26e9b6d37b370c83aa790bbc121775c57bfb096c2e77eacca25fd0233b",
                "sha256:e72c91bda9880f097c8aa3601a2c0de6c708763ba8128006151f496ca9065935",
                "sha256:f95b8aca2703d6a30249f83f4fe6a9abf2e627aa892a5caaab2267d56be7ab69"
            ],
            "index": "pypi",
            "version": "==2.9.5"
        },
        "pyparsing": {
            "hashes": [
                "sha256:2b020ecf7d21b687f219b71ecad3631f644a47f01403fa1d1036b0c6416d70fb",
                "sha256:5026bae9a10eeaefb61dab2f09052b9f4307d44aee4eda64b309723d8d206bbc"
            ],
            "index": "pypi",
            "version": "==3.0.9"
        },
        "pytz": {
            "hashes": [
                "sha256:1e760e2fe6a8163bc0b3d9a19c4f84342afa0a2affebfaa84b01b978a02ecaa7",
                "sha256:e68985985296d9a66a881eb3193b0906246245294a881e7c8afe623866ac6a5c"
            ],
            "index": "pypi",
            "version": "==2022.1"
        },
        "requests": {
            "hashes": [
                "sha256:68d7c56fd5a8999887728ef304a6d12edc7be74f1cfa47714fc8b414525c9a61",
                "sha256:f22fa1e554c9ddfd16e6e41ac79759e17be9e492b3587efa038054674760e72d"
            ],
            "index": "pypi",
            "version": "==2.27.1"
        },
        "ruamel.yaml": {
            "hashes": [
                "sha256:742b35d3d665023981bd6d16b3d24248ce5df75fdb4e2924e93a05c1f8b61ca7",
                "sha256:8b7ce697a2f212752a35c1ac414471dc16c424c9573be4926b56ff3f5d23b7af"
            ],
            "index": "pypi",
            "version": "==0.17.21"
        },
        "ruamel.yaml.clib": {
            "hashes": [
                "sha256:066f886bc90cc2ce44df8b5f7acfc6a7e2b2e672713f027136464492b0c34d7c",
                "sha256:0847201b767447fc33b9c235780d3aa90357d20dd6108b92be544427bea197dd",
                "sha256:1070ba9dd7f9370d0513d649420c3b362ac2d687fe78c6e888f5b12bf8bc7bee",
                "sha256:1866cf2c284a03b9524a5cc00daca56d80057c5ce3cdc86a52020f4c720856f0",
                "sha256:1b4139a6ffbca8ef60fdaf9b33dec05143ba746a6f0ae0f9d11d38239211d335",
                "sha256:210c8fcfeff90514b7133010bf14e3bad652c8efde6b20e00c43854bf94fa5a6",
                "sha256:221eca6f35076c6ae472a531afa1c223b9c29377e62936f61bc8e6e8bdc5f9e7",
                "sha256:31ea73e564a7b5fbbe8188ab8b334393e06d997914a4e184975348f204790277",
                "sha256:3fb9575a5acd13031c57a62cc7823e5d2ff8bc3835ba4d94b921b4e6ee664104",
                "sha256:4ff604ce439abb20794f05613c374759ce10e3595d1867764dd1ae675b85acbd",
                "sha256:61bc5e5ca632d95925907c569daa559ea194a4d16084ba86084be98ab1cec1c6",
                "sha256:6e7be2c5bcb297f5b82fee9c665eb2eb7001d1050deaba8471842979293a80b0",
                "sha256:72a2b8b2ff0a627496aad76f37a652bcef400fd861721744201ef1b45199ab78",
                "sha256:77df077d32921ad46f34816a9a16e6356d8100374579bc35e15bab5d4e9377de",
                "sha256:78988ed190206672da0f5d50c61afef8f67daa718d614377dcd5e3ed85ab4a99",
                "sha256:7b2927e92feb51d830f531de4ccb11b320255ee95e791022555971c466af4527",
                "sha256:7f7ecb53ae6848f959db6ae93bdff1740e651809780822270eab111500842a84",
                "sha256:825d5fccef6da42f3c8eccd4281af399f21c02b32d98e113dbc631ea6a6ecbc7",
                "sha256:846fc8336443106fe23f9b6d6b8c14a53d38cef9a375149d61f99d78782ea468",
                "sha256:89221ec6d6026f8ae859c09b9718799fea22c0e8da8b766b0b2c9a9ba2db326b",
                "sha256:9efef4aab5353387b07f6b22ace0867032b900d8e91674b5d8ea9150db5cae94",
                "sha256:a32f8d81ea0c6173ab1b3da956869114cae53ba1e9f72374032e33ba3118c233",
                "sha256:a49e0161897901d1ac9c4a79984b8410f450565bbad64dbfcbf76152743a0cdb",
                "sha256:ada3f400d9923a190ea8b59c8f60680c4ef8a4b0dfae134d2f2ff68429adfab5",
                "sha256:bf75d28fa071645c529b5474a550a44686821decebdd00e21127ef1fd566eabe",
                "sha256:cfdb9389d888c5b74af297e51ce357b800dd844898af9d4a547ffc143fa56751",
                "sha256:d3c620a54748a3d4cf0bcfe623e388407c8e85a4b06b8188e126302bcab93ea8",
                "sha256:d67f273097c368265a7b81e152e07fb90ed395df6e552b9fa858c6d2c9f42502",
                "sha256:dc6a613d6c74eef5a14a214d433d06291526145431c3b964f5e16529b1842bed",
                "sha256:de9c6b8a1ba52919ae919f3ae96abb72b994dd0350226e28f3686cb4f142165c"
            ],
            "index": "pypi",
            "version": "==0.2.6"
        },
        "setuptools": {
            "hashes": [
                "sha256:257de92a9d50a60b8e22abfcbb771571fde0dbf3ec234463212027a4eeecbe9a",
                "sha256:e728ca814a823bf7bf60162daf9db95b93d532948c4c0bea762ce62f60189078"
            ],
            "markers": "python_version >= '3.7'",
            "version": "==67.6.1"
        },
        "sqlparse": {
            "hashes": [
                "sha256:0c00730c74263a94e5a9919ade150dfc3b19c574389985446148402998287dae",
                "sha256:48719e356bb8b42991bdbb1e8b83223757b93789c00910a616a071910ca4a64d"
            ],
            "index": "pypi",
            "version": "==0.4.2"
        },
        "tzdata": {
            "hashes": [
                "sha256:238e70234214138ed7b4e8a0fab0e5e13872edab3be586ab8198c407620e2ab9",
                "sha256:8b536a8ec63dc0751342b3984193a3118f8fca2afe25752bb9b7fffd398552d3"
            ],
            "index": "pypi",
            "version": "==2022.1"
        },
        "uritemplate": {
            "hashes": [
                "sha256:4346edfc5c3b79f694bccd6d6099a322bbeb628dbf2cd86eea55a456ce5124f0",
                "sha256:830c08b8d99bdd312ea4ead05994a38e8936266f84b9a7878232db50b044e02e"
            ],
            "index": "pypi",
            "version": "==4.1.1"
        },
        "urllib3": {
            "hashes": [
                "sha256:44ece4d53fb1706f667c9bd1c648f5469a2ec925fcf3a776667042d645472c14",
                "sha256:aabaf16477806a5e1dd19aa41f8c2b7950dd3c746362d7e3223dbe6de6ac448e"
            ],
            "index": "pypi",
            "version": "==1.26.9"
        },
        "whitenoise": {
            "hashes": [
                "sha256:2067fe9008a3cd7d0d75f75c9240b54f5f59996ca285cbeab18fc1e89949e30d",
                "sha256:6ccc6d1ad6fb688a398ea65d97db47f018ea0be7da75e146e8f2e837a04ba590"
            ],
            "index": "pypi",
            "version": "==6.1.0"
        }
    },
    "develop": {}
}
